
Microsoft Visual Studio Solution File, Format Version 12.00
# Visual Studio Version 17
VisualStudioVersion = 17.11.35222.181
MinimumVisualStudioVersion = 10.0.40219.1
Project("{FAE04EC0-301F-11D3-BF4B-00C04F79EFBC}") = "ContractorsAuctioneer", "ContractorsAuctioneer\ContractorsAuctioneer.csproj", "{ECA1A5FD-ADE3-41A6-A1FD-A943EC439B9A}"
EndProject
Global
	GlobalSection(SolutionConfigurationPlatforms) = preSolution
		Debug|Any CPU = Debug|Any CPU
		Release|Any CPU = Release|Any CPU
	EndGlobalSection
	GlobalSection(ProjectConfigurationPlatforms) = postSolution
		{ECA1A5FD-ADE3-41A6-A1FD-A943EC439B9A}.Debug|Any CPU.ActiveCfg = Debug|Any CPU
		{ECA1A5FD-ADE3-41A6-A1FD-A943EC439B9A}.Debug|Any CPU.Build.0 = Debug|Any CPU
		{ECA1A5FD-ADE3-41A6-A1FD-A943EC439B9A}.Release|Any CPU.ActiveCfg = Release|Any CPU
		{ECA1A5FD-ADE3-41A6-A1FD-A943EC439B9A}.Release|Any CPU.Build.0 = Release|Any CPU
	EndGlobalSection
	GlobalSection(SolutionProperties) = preSolution
		HideSolutionNode = FALSE
	EndGlobalSection
	GlobalSection(ExtensibilityGlobals) = postSolution
		SolutionGuid = {47129254-1BD9-4F3C-B43B-5FD8368DC3AE}
	EndGlobalSection
EndGlobal
